// !$*UTF8*$!
{
	archiveVersion = 1;
	classes = {
	};
	objectVersion = 50;
	objects = {

/* Begin PBXBuildFile section */
		FBC9DC8321F30A33007E25E1 /* AppDelegate.m in Sources */ = {isa = PBXBuildFile; fileRef = FBC9DC8221F30A33007E25E1 /* AppDelegate.m */; };
		FBC9DC8621F30A33007E25E1 /* ViewController.m in Sources */ = {isa = PBXBuildFile; fileRef = FBC9DC8521F30A33007E25E1 /* ViewController.m */; };
		FBC9DC8921F30A33007E25E1 /* Main.storyboard in Resources */ = {isa = PBXBuildFile; fileRef = FBC9DC8721F30A33007E25E1 /* Main.storyboard */; };
		FBC9DC8B21F30A35007E25E1 /* Assets.xcassets in Resources */ = {isa = PBXBuildFile; fileRef = FBC9DC8A21F30A35007E25E1 /* Assets.xcassets */; };
		FBC9DC8E21F30A35007E25E1 /* LaunchScreen.storyboard in Resources */ = {isa = PBXBuildFile; fileRef = FBC9DC8C21F30A35007E25E1 /* LaunchScreen.storyboard */; };
		FBC9DC9121F30A35007E25E1 /* main.m in Sources */ = {isa = PBXBuildFile; fileRef = FBC9DC9021F30A35007E25E1 /* main.m */; };
		FBC9DC9D21F31423007E25E1 /* UIControl+Extension.m in Sources */ = {isa = PBXBuildFile; fileRef = FBC9DC9C21F31423007E25E1 /* UIControl+Extension.m */; };
		FBC9DCA021F31758007E25E1 /* NSMutableArray+Extension.m in Sources */ = {isa = PBXBuildFile; fileRef = FBC9DC9F21F31758007E25E1 /* NSMutableArray+Extension.m */; };
		FBC9DCA321F319AF007E25E1 /* NSDictionary+Extension.m in Sources */ = {isa = PBXBuildFile; fileRef = FBC9DCA221F319AF007E25E1 /* NSDictionary+Extension.m */; };
		FBC9DCA621F31C28007E25E1 /* NSMutableDictionary+Extension.m in Sources */ = {isa = PBXBuildFile; fileRef = FBC9DCA521F31C28007E25E1 /* NSMutableDictionary+Extension.m */; };
		FBC9DDAC21F462D5007E25E1 /* HPermenantThread.m in Sources */ = {isa = PBXBuildFile; fileRef = FBC9DDAB21F462D5007E25E1 /* HPermenantThread.m */; };
		FBD1BEB621F4682E003D37A1 /* ThreadViewController.m in Sources */ = {isa = PBXBuildFile; fileRef = FBD1BEB521F4682E003D37A1 /* ThreadViewController.m */; };
/* End PBXBuildFile section */

/* Begin PBXFileReference section */
		FBC9DC7E21F30A33007E25E1 /* HSimpleTools.app */ = {isa = PBXFileReference; explicitFileType = wrapper.application; includeInIndex = 0; path = HSimpleTools.app; sourceTree = BUILT_PRODUCTS_DIR; };
		FBC9DC8121F30A33007E25E1 /* AppDelegate.h */ = {isa = PBXFileReference; lastKnownFileType = sourcecode.c.h; path = AppDelegate.h; sourceTree = "<group>"; };
		FBC9DC8221F30A33007E25E1 /* AppDelegate.m */ = {isa = PBXFileReference; lastKnownFileType = sourcecode.c.objc; path = AppDelegate.m; sourceTree = "<group>"; };
		FBC9DC8421F30A33007E25E1 /* ViewController.h */ = {isa = PBXFileReference; lastKnownFileType = sourcecode.c.h; path = ViewController.h; sourceTree = "<group>"; };
		FBC9DC8521F30A33007E25E1 /* ViewController.m */ = {isa = PBXFileReference; lastKnownFileType = sourcecode.c.objc; path = ViewController.m; sourceTree = "<group>"; };
		FBC9DC8821F30A33007E25E1 /* Base */ = {isa = PBXFileReference; lastKnownFileType = file.storyboard; name = Base; path = Base.lproj/Main.storyboard; sourceTree = "<group>"; };
		FBC9DC8A21F30A35007E25E1 /* Assets.xcassets */ = {isa = PBXFileReference; lastKnownFileType = folder.assetcatalog; path = Assets.xcassets; sourceTree = "<group>"; };
		FBC9DC8D21F30A35007E25E1 /* Base */ = {isa = PBXFileReference; lastKnownFileType = file.storyboard; name = Base; path = Base.lproj/LaunchScreen.storyboard; sourceTree = "<group>"; };
		FBC9DC8F21F30A35007E25E1 /* Info.plist */ = {isa = PBXFileReference; lastKnownFileType = text.plist.xml; path = Info.plist; sourceTree = "<group>"; };
		FBC9DC9021F30A35007E25E1 /* main.m */ = {isa = PBXFileReference; lastKnownFileType = sourcecode.c.objc; path = main.m; sourceTree = "<group>"; };
		FBC9DC9B21F31423007E25E1 /* UIControl+Extension.h */ = {isa = PBXFileReference; lastKnownFileType = sourcecode.c.h; path = "UIControl+Extension.h"; sourceTree = "<group>"; };
		FBC9DC9C21F31423007E25E1 /* UIControl+Extension.m */ = {isa = PBXFileReference; lastKnownFileType = sourcecode.c.objc; path = "UIControl+Extension.m"; sourceTree = "<group>"; };
		FBC9DC9E21F31758007E25E1 /* NSMutableArray+Extension.h */ = {isa = PBXFileReference; lastKnownFileType = sourcecode.c.h; path = "NSMutableArray+Extension.h"; sourceTree = "<group>"; };
		FBC9DC9F21F31758007E25E1 /* NSMutableArray+Extension.m */ = {isa = PBXFileReference; lastKnownFileType = sourcecode.c.objc; path = "NSMutableArray+Extension.m"; sourceTree = "<group>"; };
		FBC9DCA121F319AF007E25E1 /* NSDictionary+Extension.h */ = {isa = PBXFileReference; lastKnownFileType = sourcecode.c.h; path = "NSDictionary+Extension.h"; sourceTree = "<group>"; };
		FBC9DCA221F319AF007E25E1 /* NSDictionary+Extension.m */ = {isa = PBXFileReference; lastKnownFileType = sourcecode.c.objc; path = "NSDictionary+Extension.m"; sourceTree = "<group>"; };
		FBC9DCA421F31C28007E25E1 /* NSMutableDictionary+Extension.h */ = {isa = PBXFileReference; lastKnownFileType = sourcecode.c.h; path = "NSMutableDictionary+Extension.h"; sourceTree = "<group>"; };
		FBC9DCA521F31C28007E25E1 /* NSMutableDictionary+Extension.m */ = {isa = PBXFileReference; lastKnownFileType = sourcecode.c.objc; path = "NSMutableDictionary+Extension.m"; sourceTree = "<group>"; };
		FBC9DDAA21F462D5007E25E1 /* HPermenantThread.h */ = {isa = PBXFileReference; lastKnownFileType = sourcecode.c.h; path = HPermenantThread.h; sourceTree = "<group>"; };
		FBC9DDAB21F462D5007E25E1 /* HPermenantThread.m */ = {isa = PBXFileReference; lastKnownFileType = sourcecode.c.objc; path = HPermenantThread.m; sourceTree = "<group>"; };
		FBD1BEB421F4682E003D37A1 /* ThreadViewController.h */ = {isa = PBXFileReference; lastKnownFileType = sourcecode.c.h; path = ThreadViewController.h; sourceTree = "<group>"; };
		FBD1BEB521F4682E003D37A1 /* ThreadViewController.m */ = {isa = PBXFileReference; lastKnownFileType = sourcecode.c.objc; path = ThreadViewController.m; sourceTree = "<group>"; };
/* End PBXFileReference section */

/* Begin PBXFrameworksBuildPhase section */
		FBC9DC7B21F30A33007E25E1 /* Frameworks */ = {
			isa = PBXFrameworksBuildPhase;
			buildActionMask = 2147483647;
			files = (
			);
			runOnlyForDeploymentPostprocessing = 0;
		};
/* End PBXFrameworksBuildPhase section */

/* Begin PBXGroup section */
		FBC9DC7521F30A33007E25E1 = {
			isa = PBXGroup;
			children = (
				FBC9DC8021F30A33007E25E1 /* HSimpleTools */,
				FBC9DC7F21F30A33007E25E1 /* Products */,
			);
			sourceTree = "<group>";
		};
		FBC9DC7F21F30A33007E25E1 /* Products */ = {
			isa = PBXGroup;
			children = (
				FBC9DC7E21F30A33007E25E1 /* HSimpleTools.app */,
			);
			name = Products;
			sourceTree = "<group>";
		};
		FBC9DC8021F30A33007E25E1 /* HSimpleTools */ = {
			isa = PBXGroup;
			children = (
				FBC9DC9721F30B1C007E25E1 /* Extension */,
				FBC9DDAA21F462D5007E25E1 /* HPermenantThread.h */,
				FBC9DDAB21F462D5007E25E1 /* HPermenantThread.m */,
				FBC9DC8121F30A33007E25E1 /* AppDelegate.h */,
				FBC9DC8221F30A33007E25E1 /* AppDelegate.m */,
				FBD1BEB421F4682E003D37A1 /* ThreadViewController.h */,
				FBD1BEB521F4682E003D37A1 /* ThreadViewController.m */,
				FBC9DC8421F30A33007E25E1 /* ViewController.h */,
				FBC9DC8521F30A33007E25E1 /* ViewController.m */,
				FBC9DC8721F30A33007E25E1 /* Main.storyboard */,
				FBC9DC8A21F30A35007E25E1 /* Assets.xcassets */,
				FBC9DC8C21F30A35007E25E1 /* LaunchScreen.storyboard */,
				FBC9DC8F21F30A35007E25E1 /* Info.plist */,
				FBC9DC9021F30A35007E25E1 /* main.m */,
			);
			path = HSimpleTools;
			sourceTree = "<group>";
		};
		FBC9DC9721F30B1C007E25E1 /* Extension */ = {
			isa = PBXGroup;
			children = (
				FBC9DC9B21F31423007E25E1 /* UIControl+Extension.h */,
				FBC9DC9C21F31423007E25E1 /* UIControl+Extension.m */,
				FBC9DC9E21F31758007E25E1 /* NSMutableArray+Extension.h */,
				FBC9DC9F21F31758007E25E1 /* NSMutableArray+Extension.m */,
				FBC9DCA121F319AF007E25E1 /* NSDictionary+Extension.h */,
				FBC9DCA221F319AF007E25E1 /* NSDictionary+Extension.m */,
				FBC9DCA421F31C28007E25E1 /* NSMutableDictionary+Extension.h */,
				FBC9DCA521F31C28007E25E1 /* NSMutableDictionary+Extension.m */,
			);
			path = Extension;
			sourceTree = "<group>";
		};
/* End PBXGroup section */

/* Begin PBXNativeTarget section */
		FBC9DC7D21F30A33007E25E1 /* HSimpleTools */ = {
			isa = PBXNativeTarget;
			buildConfigurationList = FBC9DC9421F30A35007E25E1 /* Build configuration list for PBXNativeTarget "HSimpleTools" */;
			buildPhases = (
				FBC9DC7A21F30A33007E25E1 /* Sources */,
				FBC9DC7B21F30A33007E25E1 /* Frameworks */,
				FBC9DC7C21F30A33007E25E1 /* Resources */,
			);
			buildRules = (
			);
			dependencies = (
			);
			name = HSimpleTools;
			productName = HSimpleTools;
			productReference = FBC9DC7E21F30A33007E25E1 /* HSimpleTools.app */;
			productType = "com.apple.product-type.application";
		};
/* End PBXNativeTarget section */

/* Begin PBXProject section */
		FBC9DC7621F30A33007E25E1 /* Project object */ = {
			isa = PBXProject;
			attributes = {
				LastUpgradeCheck = 1010;
				ORGANIZATIONNAME = hao;
				TargetAttributes = {
					FBC9DC7D21F30A33007E25E1 = {
						CreatedOnToolsVersion = 10.1;
					};
				};
			};
			buildConfigurationList = FBC9DC7921F30A33007E25E1 /* Build configuration list for PBXProject "HSimpleTools" */;
			compatibilityVersion = "Xcode 9.3";
			developmentRegion = en;
			hasScannedForEncodings = 0;
			knownRegions = (
				en,
				Base,
			);
			mainGroup = FBC9DC7521F30A33007E25E1;
			productRefGroup = FBC9DC7F21F30A33007E25E1 /* Products */;
			projectDirPath = "";
			projectRoot = "";
			targets = (
				FBC9DC7D21F30A33007E25E1 /* HSimpleTools */,
			);
		};
/* End PBXProject section */

/* Begin PBXResourcesBuildPhase section */
		FBC9DC7C21F30A33007E25E1 /* Resources */ = {
			isa = PBXResourcesBuildPhase;
			buildActionMask = 2147483647;
			files = (
				FBC9DC8E21F30A35007E25E1 /* LaunchScreen.storyboard in Resources */,
				FBC9DC8B21F30A35007E25E1 /* Assets.xcassets in Resources */,
				FBC9DC8921F30A33007E25E1 /* Main.storyboard in Resources */,
			);
			runOnlyForDeploymentPostprocessing = 0;
		};
/* End PBXResourcesBuildPhase section */

/* Begin PBXSourcesBuildPhase section */
		FBC9DC7A21F30A33007E25E1 /* Sources */ = {
			isa = PBXSourcesBuildPhase;
			buildActionMask = 2147483647;
			files = (
				FBD1BEB621F4682E003D37A1 /* ThreadViewController.m in Sources */,
				FBC9DC8621F30A33007E25E1 /* ViewController.m in Sources */,
				FBC9DC9121F30A35007E25E1 /* main.m in Sources */,
				FBC9DCA321F319AF007E25E1 /* NSDictionary+Extension.m in Sources */,
				FBC9DC8321F30A33007E25E1 /* AppDelegate.m in Sources */,
				FBC9DC9D21F31423007E25E1 /* UIControl+Extension.m in Sources */,
				FBC9DCA621F31C28007E25E1 /* NSMutableDictionary+Extension.m in Sources */,
				FBC9DCA021F31758007E25E1 /* NSMutableArray+Extension.m in Sources */,
				FBC9DDAC21F462D5007E25E1 /* HPermenantThread.m in Sources */,
			);
			runOnlyForDeploymentPostprocessing = 0;
		};
/* End PBXSourcesBuildPhase section */

/* Begin PBXVariantGroup section */
		FBC9DC8721F30A33007E25E1 /* Main.storyboard */ = {
			isa = PBXVariantGroup;
			children = (
				FBC9DC8821F30A33007E25E1 /* Base */,
			);
			name = Main.storyboard;
			sourceTree = "<group>";
		};
		FBC9DC8C21F30A35007E25E1 /* LaunchScreen.storyboard */ = {
			isa = PBXVariantGroup;
			children = (
				FBC9DC8D21F30A35007E25E1 /* Base */,
			);
			name = LaunchScreen.storyboard;
			sourceTree = "<group>";
		};
/* End PBXVariantGroup section */

/* Begin XCBuildConfiguration section */
		FBC9DC9221F30A35007E25E1 /* Debug */ = {
			isa = XCBuildConfiguration;
			buildSettings = {
				ALWAYS_SEARCH_USER_PATHS = NO;
				CLANG_ANALYZER_NONNULL = YES;
				CLANG_ANALYZER_NUMBER_OBJECT_CONVERSION = YES_AGGRESSIVE;
				CLANG_CXX_LANGUAGE_STANDARD = "gnu++14";
				CLANG_CXX_LIBRARY = "libc++";
				CLANG_ENABLE_MODULES = YES;
				CLANG_ENABLE_OBJC_ARC = YES;
				CLANG_ENABLE_OBJC_WEAK = YES;
				CLANG_WARN_BLOCK_CAPTURE_AUTORELEASING = YES;
				CLANG_WARN_BOOL_CONVERSION = YES;
				CLANG_WARN_COMMA = YES;
				CLANG_WARN_CONSTANT_CONVERSION = YES;
				CLANG_WARN_DEPRECATED_OBJC_IMPLEMENTATIONS = YES;
				CLANG_WARN_DIRECT_OBJC_ISA_USAGE = YES_ERROR;
				CLANG_WARN_DOCUMENTATION_COMMENTS = YES;
				CLANG_WARN_EMPTY_BODY = YES;
				CLANG_WARN_ENUM_CONVERSION = YES;
				CLANG_WARN_INFINITE_RECURSION = YES;
				CLANG_WARN_INT_CONVERSION = YES;
				CLANG_WARN_NON_LITERAL_NULL_CONVERSION = YES;
				CLANG_WARN_OBJC_IMPLICIT_RETAIN_SELF = YES;
				CLANG_WARN_OBJC_LITERAL_CONVERSION = YES;
				CLANG_WARN_OBJC_ROOT_CLASS = YES_ERROR;
				CLANG_WARN_RANGE_LOOP_ANALYSIS = YES;
				CLANG_WARN_STRICT_PROTOTYPES = YES;
				CLANG_WARN_SUSPICIOUS_MOVE = YES;
				CLANG_WARN_UNGUARDED_AVAILABILITY = YES_AGGRESSIVE;
				CLANG_WARN_UNREACHABLE_CODE = YES;
				CLANG_WARN__DUPLICATE_METHOD_MATCH = YES;
				CODE_SIGN_IDENTITY = "iPhone Developer";
				COPY_PHASE_STRIP = NO;
				DEBUG_INFORMATION_FORMAT = dwarf;
				ENABLE_STRICT_OBJC_MSGSEND = YES;
				ENABLE_TESTABILITY = YES;
				GCC_C_LANGUAGE_STANDARD = gnu11;
				GCC_DYNAMIC_NO_PIC = NO;
				GCC_NO_COMMON_BLOCKS = YES;
				GCC_OPTIMIZATION_LEVEL = 0;
				GCC_PREPROCESSOR_DEFINITIONS = (
					"DEBUG=1",
					"$(inherited)",
				);
				GCC_WARN_64_TO_32_BIT_CONVERSION = YES;
				GCC_WARN_ABOUT_RETURN_TYPE = YES_ERROR;
				GCC_WARN_UNDECLARED_SELECTOR = YES;
				GCC_WARN_UNINITIALIZED_AUTOS = YES_AGGRESSIVE;
				GCC_WARN_UNUSED_FUNCTION = YES;
				GCC_WARN_UNUSED_VARIABLE = YES;
				IPHONEOS_DEPLOYMENT_TARGET = 12.1;
				MTL_ENABLE_DEBUG_INFO = INCLUDE_SOURCE;
				MTL_FAST_MATH = YES;
				ONLY_ACTIVE_ARCH = YES;
				SDKROOT = iphoneos;
			};
			name = Debug;
		};
		FBC9DC9321F30A35007E25E1 /* Release */ = {
			isa = XCBuildConfiguration;
			buildSettings = {
				ALWAYS_SEARCH_USER_PATHS = NO;
				CLANG_ANALYZER_NONNULL = YES;
				CLANG_ANALYZER_NUMBER_OBJECT_CONVERSION = YES_AGGRESSIVE;
				CLANG_CXX_LANGUAGE_STANDARD = "gnu++14";
				CLANG_CXX_LIBRARY = "libc++";
				CLANG_ENABLE_MODULES = YES;
				CLANG_ENABLE_OBJC_ARC = YES;
				CLANG_ENABLE_OBJC_WEAK = YES;
				CLANG_WARN_BLOCK_CAPTURE_AUTORELEASING = YES;
				CLANG_WARN_BOOL_CONVERSION = YES;
				CLANG_WARN_COMMA = YES;
				CLANG_WARN_CONSTANT_CONVERSION = YES;
				CLANG_WARN_DEPRECATED_OBJC_IMPLEMENTATIONS = YES;
				CLANG_WARN_DIRECT_OBJC_ISA_USAGE = YES_ERROR;
				CLANG_WARN_DOCUMENTATION_COMMENTS = YES;
				CLANG_WARN_EMPTY_BODY = YES;
				CLANG_WARN_ENUM_CONVERSION = YES;
				CLANG_WARN_INFINITE_RECURSION = YES;
				CLANG_WARN_INT_CONVERSION = YES;
				CLANG_WARN_NON_LITERAL_NULL_CONVERSION = YES;
				CLANG_WARN_OBJC_IMPLICIT_RETAIN_SELF = YES;
				CLANG_WARN_OBJC_LITERAL_CONVERSION = YES;
				CLANG_WARN_OBJC_ROOT_CLASS = YES_ERROR;
				CLANG_WARN_RANGE_LOOP_ANALYSIS = YES;
				CLANG_WARN_STRICT_PROTOTYPES = YES;
				CLANG_WARN_SUSPICIOUS_MOVE = YES;
				CLANG_WARN_UNGUARDED_AVAILABILITY = YES_AGGRESSIVE;
				CLANG_WARN_UNREACHABLE_CODE = YES;
				CLANG_WARN__DUPLICATE_METHOD_MATCH = YES;
				CODE_SIGN_IDENTITY = "iPhone Developer";
				COPY_PHASE_STRIP = NO;
				DEBUG_INFORMATION_FORMAT = "dwarf-with-dsym";
				ENABLE_NS_ASSERTIONS = NO;
				ENABLE_STRICT_OBJC_MSGSEND = YES;
				GCC_C_LANGUAGE_STANDARD = gnu11;
				GCC_NO_COMMON_BLOCKS = YES;
				GCC_WARN_64_TO_32_BIT_CONVERSION = YES;
				GCC_WARN_ABOUT_RETURN_TYPE = YES_ERROR;
				GCC_WARN_UNDECLARED_SELECTOR = YES;
				GCC_WARN_UNINITIALIZED_AUTOS = YES_AGGRESSIVE;
				GCC_WARN_UNUSED_FUNCTION = YES;
				GCC_WARN_UNUSED_VARIABLE = YES;
				IPHONEOS_DEPLOYMENT_TARGET = 12.1;
				MTL_ENABLE_DEBUG_INFO = NO;
				MTL_FAST_MATH = YES;
				SDKROOT = iphoneos;
				VALIDATE_PRODUCT = YES;
			};
			name = Release;
		};
		FBC9DC9521F30A35007E25E1 /* Debug */ = {
			isa = XCBuildConfiguration;
			buildSettings = {
				ASSETCATALOG_COMPILER_APPICON_NAME = AppIcon;
				CODE_SIGN_STYLE = Automatic;
				DEVELOPMENT_TEAM = G3Y4Q83FQK;
				INFOPLIST_FILE = HSimpleTools/Info.plist;
				LD_RUNPATH_SEARCH_PATHS = (
					"$(inherited)",
					"@executable_path/Frameworks",
				);
				PRODUCT_BUNDLE_IDENTIFIER = com.hao.HSimpleTools;
				PRODUCT_NAME = "$(TARGET_NAME)";
				TARGETED_DEVICE_FAMILY = "1,2";
			};
			name = Debug;
		};
		FBC9DC9621F30A35007E25E1 /* Release */ = {
			isa = XCBuildConfiguration;
			buildSettings = {
				ASSETCATALOG_COMPILER_APPICON_NAME = AppIcon;
				CODE_SIGN_STYLE = Automatic;
				DEVELOPMENT_TEAM = G3Y4Q83FQK;
				INFOPLIST_FILE = HSimpleTools/Info.plist;
				LD_RUNPATH_SEARCH_PATHS = (
					"$(inherited)",
					"@executable_path/Frameworks",
				);
				PRODUCT_BUNDLE_IDENTIFIER = com.hao.HSimpleTools;
				PRODUCT_NAME = "$(TARGET_NAME)";
				TARGETED_DEVICE_FAMILY = "1,2";
			};
			name = Release;
		};
/* End XCBuildConfiguration section */

/* Begin XCConfigurationList section */
		FBC9DC7921F30A33007E25E1 /* Build configuration list for PBXProject "HSimpleTools" */ = {
			isa = XCConfigurationList;
			buildConfigurations = (
				FBC9DC9221F30A35007E25E1 /* Debug */,
				FBC9DC9321F30A35007E25E1 /* Release */,
			);
			defaultConfigurationIsVisible = 0;
			defaultConfigurationName = Release;
		};
		FBC9DC9421F30A35007E25E1 /* Build configuration list for PBXNativeTarget "HSimpleTools" */ = {
			isa = XCConfigurationList;
			buildConfigurations = (
				FBC9DC9521F30A35007E25E1 /* Debug */,
				FBC9DC9621F30A35007E25E1 /* Release */,
			);
			defaultConfigurationIsVisible = 0;
			defaultConfigurationName = Release;
		};
/* End XCConfigurationList section */
	};
	rootObject = FBC9DC7621F30A33007E25E1 /* Project object */;
}
